# THIS IS AN AUTOGENERATED FILE. DO NOT EDIT THIS FILE DIRECTLY.
# yarn lockfile v1


"@babel/helper-builder-react-jsx@^7.7.0":
  version "7.7.0"
  resolved "https://registry.yarnpkg.com/@babel/helper-builder-react-jsx/-/helper-builder-react-jsx-7.7.0.tgz#c6b8254d305bacd62beb648e4dea7d3ed79f352d"
  integrity sha512-LSln3cexwInTMYYoFeVLKnYPPMfWNJ8PubTBs3hkh7wCu9iBaqq1OOyW+xGmEdLxT1nhsl+9SJ+h2oUDYz0l2A==
  dependencies:
    "@babel/types" "^7.7.0"
    esutils "^2.0.0"

"@babel/helper-plugin-utils@^7.0.0":
  version "7.0.0"
  resolved "https://registry.yarnpkg.com/@babel/helper-plugin-utils/-/helper-plugin-utils-7.0.0.tgz#bbb3fbee98661c569034237cc03967ba99b4f250"
  integrity sha512-CYAOUCARwExnEixLdB6sDm2dIJ/YgEAKDM1MOeMeZu9Ld/bDgVo8aiWrXwcY7OBh+1Ea2uUcVRcxKk0GJvW7QA==

"@babel/plugin-syntax-jsx@^7.2.0":
  version "7.2.0"
  resolved "https://registry.yarnpkg.com/@babel/plugin-syntax-jsx/-/plugin-syntax-jsx-7.2.0.tgz#0b85a3b4bc7cdf4cc4b8bf236335b907ca22e7c7"
  integrity sha512-VyN4QANJkRW6lDBmENzRszvZf3/4AXaj9YR7GwrWeeN9tEBPuXbmDYVU9bYBN0D70zCWVwUy0HWq2553VCb6Hw==
  dependencies:
    "@babel/helper-plugin-utils" "^7.0.0"

"@babel/plugin-transform-react-display-name@^7.0.0":
  version "7.2.0"
  resolved "https://registry.yarnpkg.com/@babel/plugin-transform-react-display-name/-/plugin-transform-react-display-name-7.2.0.tgz#ebfaed87834ce8dc4279609a4f0c324c156e3eb0"
  integrity sha512-Htf/tPa5haZvRMiNSQSFifK12gtr/8vwfr+A9y69uF0QcU77AVu4K7MiHEkTxF7lQoHOL0F9ErqgfNEAKgXj7A==
  dependencies:
    "@babel/helper-plugin-utils" "^7.0.0"

"@babel/plugin-transform-react-jsx-self@^7.0.0":
  version "7.2.0"
  resolved "https://registry.yarnpkg.com/@babel/plugin-transform-react-jsx-self/-/plugin-transform-react-jsx-self-7.2.0.tgz#461e21ad9478f1031dd5e276108d027f1b5240ba"
  integrity sha512-v6S5L/myicZEy+jr6ielB0OR8h+EH/1QFx/YJ7c7Ua+7lqsjj/vW6fD5FR9hB/6y7mGbfT4vAURn3xqBxsUcdg==
  dependencies:
    "@babel/helper-plugin-utils" "^7.0.0"
    "@babel/plugin-syntax-jsx" "^7.2.0"

"@babel/plugin-transform-react-jsx-source@^7.0.0":
  version "7.5.0"
  resolved "https://registry.yarnpkg.com/@babel/plugin-transform-react-jsx-source/-/plugin-transform-react-jsx-source-7.5.0.tgz#583b10c49cf057e237085bcbd8cc960bd83bd96b"
  integrity sha512-58Q+Jsy4IDCZx7kqEZuSDdam/1oW8OdDX8f+Loo6xyxdfg1yF0GE2XNJQSTZCaMol93+FBzpWiPEwtbMloAcPg==
  dependencies:
    "@babel/helper-plugin-utils" "^7.0.0"
    "@babel/plugin-syntax-jsx" "^7.2.0"

"@babel/plugin-transform-react-jsx@^7.7.0":
  version "7.7.0"
  resolved "https://registry.yarnpkg.com/@babel/plugin-transform-react-jsx/-/plugin-transform-react-jsx-7.7.0.tgz#834b0723ba78cd4d24d7d629300c2270f516d0b7"
  integrity sha512-mXhBtyVB1Ujfy+0L6934jeJcSXj/VCg6whZzEcgiiZHNS0PGC7vUCsZDQCxxztkpIdF+dY1fUMcjAgEOC3ZOMQ==
  dependencies:
    "@babel/helper-builder-react-jsx" "^7.7.0"
    "@babel/helper-plugin-utils" "^7.0.0"
    "@babel/plugin-syntax-jsx" "^7.2.0"

"@babel/preset-react@^7.7.0":
  version "7.7.0"
  resolved "https://registry.yarnpkg.com/@babel/preset-react/-/preset-react-7.7.0.tgz#8ab0c4787d98cf1f5f22dabf115552bf9e4e406c"
  integrity sha512-IXXgSUYBPHUGhUkH+89TR6faMcBtuMW0h5OHbMuVbL3/5wK2g6a2M2BBpkLa+Kw0sAHiZ9dNVgqJMDP/O4GRBA==
  dependencies:
    "@babel/helper-plugin-utils" "^7.0.0"
    "@babel/plugin-transform-react-display-name" "^7.0.0"
    "@babel/plugin-transform-react-jsx" "^7.7.0"
    "@babel/plugin-transform-react-jsx-self" "^7.0.0"
    "@babel/plugin-transform-react-jsx-source" "^7.0.0"

"@babel/types@^7.7.0":
  version "7.7.2"
  resolved "https://registry.yarnpkg.com/@babel/types/-/types-7.7.2.tgz#550b82e5571dcd174af576e23f0adba7ffc683f7"
  integrity sha512-YTf6PXoh3+eZgRCBzzP25Bugd2ngmpQVrk7kXX0i5N9BO7TFBtIgZYs7WtxtOGs8e6A4ZI7ECkbBCEHeXocvOA==
  dependencies:
    esutils "^2.0.2"
    lodash "^4.17.13"
    to-fast-properties "^2.0.0"

babel-plugin-transform-react-remove-prop-types@^0.4.24:
  version "0.4.24"
  resolved "https://registry.yarnpkg.com/babel-plugin-transform-react-remove-prop-types/-/babel-plugin-transform-react-remove-prop-types-0.4.24.tgz#f2edaf9b4c6a5fbe5c1d678bfb531078c1555f3a"
  integrity sha512-eqj0hVcJUR57/Ug2zE1Yswsw4LhuqqHhD+8v120T1cl3kjg76QwtyBrdIk4WVwK+lAhBJVYCd/v+4nc4y+8JsA==

esutils@^2.0.0, esutils@^2.0.2:
  version "2.0.3"
  resolved "https://registry.yarnpkg.com/esutils/-/esutils-2.0.3.tgz#74d2eb4de0b8da1293711910d50775b9b710ef64"
  integrity sha512-kVscqXk4OCp68SZ0dkgEKVi6/8ij300KBWTJq32P/dYeWTSwK41WyTxalN1eRmA5Z9UU/LX9D7FWSmV9SAYx6g==

"js-tokens@^3.0.0 || ^4.0.0":
  version "4.0.0"
  resolved "https://registry.yarnpkg.com/js-tokens/-/js-tokens-4.0.0.tgz#19203fb59991df98e3a287050d4647cdeaf32499"

lodash@^4.17.13:
  version "4.17.15"
  resolved "https://registry.yarnpkg.com/lodash/-/lodash-4.17.15.tgz#b447f6670a0455bbfeedd11392eff330ea097548"
  integrity sha512-8xOcRHvCjnocdS5cpwXQXVzmmh5e5+saE2QGoeQmbKmRS6J3VQppPOIt0MnmE+4xlZoumy0GPG0D0MVIQbNA1A==

loose-envify@^1.1.0, loose-envify@^1.4.0:
  version "1.4.0"
  resolved "https://registry.yarnpkg.com/loose-envify/-/loose-envify-1.4.0.tgz#71ee51fa7be4caec1a63839f7e682d8132d30caf"
  dependencies:
    js-tokens "^3.0.0 || ^4.0.0"

object-assign@^4.1.1:
  version "4.1.1"
  resolved "https://registry.yarnpkg.com/object-assign/-/object-assign-4.1.1.tgz#2109adc7965887cfc05cbbd442cac8bfbb360863"

prop-types@^15.6.2, prop-types@^15.7.2:
  version "15.7.2"
  resolved "https://registry.yarnpkg.com/prop-types/-/prop-types-15.7.2.tgz#52c41e75b8c87e72b9d9360e0206b99dcbffa6c5"
  dependencies:
    loose-envify "^1.4.0"
    object-assign "^4.1.1"
    react-is "^16.8.1"

react-dom@^16.11.0:
  version "16.11.0"
  resolved "https://registry.yarnpkg.com/react-dom/-/react-dom-16.11.0.tgz#7e7c4a5a85a569d565c2462f5d345da2dd849af5"
  integrity sha512-nrRyIUE1e7j8PaXSPtyRKtz+2y9ubW/ghNgqKFHHAHaeP0fpF5uXR+sq8IMRHC+ZUxw7W9NyCDTBtwWxvkb0iA==
  dependencies:
    loose-envify "^1.1.0"
    object-assign "^4.1.1"
    prop-types "^15.6.2"
    scheduler "^0.17.0"

react-is@^16.8.1:
  version "16.11.0"
  resolved "https://registry.yarnpkg.com/react-is/-/react-is-16.11.0.tgz#b85dfecd48ad1ce469ff558a882ca8e8313928fa"

react@^16.11.0:
  version "16.11.0"
  resolved "https://registry.yarnpkg.com/react/-/react-16.11.0.tgz#d294545fe62299ccee83363599bf904e4a07fdbb"
  integrity sha512-M5Y8yITaLmU0ynd0r1Yvfq98Rmll6q8AxaEe88c8e7LxO8fZ2cNgmFt0aGAS9wzf1Ao32NKXtCl+/tVVtkxq6g==
  dependencies:
    loose-envify "^1.1.0"
    object-assign "^4.1.1"
    prop-types "^15.6.2"

react_ujs@^2.6.0:
  version "2.6.0"
  resolved "https://registry.yarnpkg.com/react_ujs/-/react_ujs-2.6.0.tgz#98c53cc40b2b3b8558300e19394638d45d37a177"
  integrity sha512-vNPVjT720+7998ip1SXPPPetQGAgYd1PGDTZTwNC2Qf9/w3O8+bR04mjvO9BTlORab777V9QpeULvgRC22jDrw==
  dependencies:
    react_ujs "^2.6.0"

scheduler@^0.17.0:
  version "0.17.0"
  resolved "https://registry.yarnpkg.com/scheduler/-/scheduler-0.17.0.tgz#7c9c673e4ec781fac853927916d1c426b6f3ddfe"
  integrity sha512-7rro8Io3tnCPuY4la/NuI5F2yfESpnfZyT6TtkXnSWVkcu0BCDJ+8gk5ozUaFaxpIyNuWAPXrH0yFcSi28fnDA==
  dependencies:
    loose-envify "^1.1.0"
    object-assign "^4.1.1"

to-fast-properties@^2.0.0:
  version "2.0.0"
  resolved "https://registry.yarnpkg.com/to-fast-properties/-/to-fast-properties-2.0.0.tgz#dc5e698cbd079265bc73e0377681a4e4e83f616e"
  integrity sha1-3F5pjL0HkmW8c+A3doGk5Og/YW4=
